
Microsoft Visual Studio Solution File, Format Version 12.00
# Visual Studio Version 17
VisualStudioVersion = 17.10.35122.118
MinimumVisualStudioVersion = 10.0.40219.1
Project("{FAE04EC0-301F-11D3-BF4B-00C04F79EFBC}") = "studAssignment230824", "studAssignment230824.csproj", "{6AE1D8D1-AFDC-475C-9C4C-EBB8B780061C}"
EndProject
Global
	GlobalSection(SolutionConfigurationPlatforms) = preSolution
		Debug|Any CPU = Debug|Any CPU
		Release|Any CPU = Release|Any CPU
	EndGlobalSection
	GlobalSection(ProjectConfigurationPlatforms) = postSolution
		{6AE1D8D1-AFDC-475C-9C4C-EBB8B780061C}.Debug|Any CPU.ActiveCfg = Debug|Any CPU
		{6AE1D8D1-AFDC-475C-9C4C-EBB8B780061C}.Debug|Any CPU.Build.0 = Debug|Any CPU
		{6AE1D8D1-AFDC-475C-9C4C-EBB8B780061C}.Release|Any CPU.ActiveCfg = Release|Any CPU
		{6AE1D8D1-AFDC-475C-9C4C-EBB8B780061C}.Release|Any CPU.Build.0 = Release|Any CPU
	EndGlobalSection
	GlobalSection(SolutionProperties) = preSolution
		HideSolutionNode = FALSE
	EndGlobalSection
	GlobalSection(ExtensibilityGlobals) = postSolution
		SolutionGuid = {1F13FB6F-1BAD-46C4-9101-C3C0419332AD}
	EndGlobalSection
EndGlobal
